<?xml version="1.0" encoding="utf-8"?>
<Project ToolsVersion="4.0" xmlns="http://schemas.microsoft.com/developer/msbuild/2003">
  <ItemGroup>
    <ClCompile Include="csgo\ctx\impl\ctx.cpp" />
    <ClCompile Include="sdk\src\cfg\impl\cfg.cpp" />
  </ItemGroup>
  <ItemGroup>
    <ClInclude Include="csgo\ctx\ctx.hpp" />
    <ClInclude Include="csgo\csgo.hpp" />
    <ClInclude Include="csgo\valve\valve.hpp" />
    <ClInclude Include="sdk\sdk.hpp" />
    <ClInclude Include="sdk\src\cfg\detail\data_types\base_cfg_var.hpp" />
    <ClInclude Include="sdk\src\cfg\detail\detail.hpp" />
    <ClInclude Include="sdk\src\cfg\cfg.hpp" />
    <ClInclude Include="sdk\src\util\detail\detail.hpp" />
    <ClInclude Include="sdk\src\util\util.hpp" />
    <ClInclude Include="sdk\src\mem\detail\data_types\base_address.hpp" />
    <ClInclude Include="sdk\src\mem\detail\data_types\base_stack_frame.hpp" />
    <ClInclude Include="sdk\src\mem\detail\data_types\pe_format.hpp" />
    <ClInclude Include="sdk\src\mem\detail\detail.hpp" />
    <ClInclude Include="sdk\src\mem\mem.hpp" />
    <ClInclude Include="sdk\src\math\detail\data_types\array_wrapper.hpp" />
    <ClInclude Include="sdk\src\math\detail\data_types\base_clr.hpp" />
    <ClInclude Include="sdk\src\math\detail\data_types\base_mat.hpp" />
    <ClInclude Include="sdk\src\math\detail\data_types\base_qang.hpp" />
    <ClInclude Include="sdk\src\math\detail\data_types\base_rect.hpp" />
    <ClInclude Include="sdk\src\math\detail\data_types\base_vec.hpp" />
    <ClInclude Include="sdk\src\math\detail\detail.hpp" />
    <ClInclude Include="sdk\src\math\math.hpp" />
    <ClInclude Include="csgo\valve\entities\entities.hpp" />
    <ClInclude Include="csgo\hooks\hooks.hpp" />
    <ClInclude Include="csgo\hacks\hacks.hpp" />
    <ClInclude Include="csgo\valve\interfaces\interfaces.hpp" />
    <ClInclude Include="csgo\valve\other\other.hpp" />
    <ClInclude Include="csgo\valve\util\util.hpp" />
  </ItemGroup>
  <ItemGroup>
    <None Include="sdk\src\cfg\impl\cfg.inl" />
    <None Include="sdk\src\mem\impl\mem.inl" />
    <None Include="sdk\src\util\impl\util.inl" />
    <None Include="sdk\src\math\impl\math.inl" />
    <None Include="csgo\valve\entities\impl\entities.inl" />
    <None Include="csgo\ctx\impl\ctx.inl" />
    <None Include="csgo\valve\other\impl\other.inl" />
  </ItemGroup>
</Project>